{
    "name": "app",
    "version": "1.0.0",
    "lockfileVersion": 2,
    "requires": true,
    "packages": {
        "": {
            "name": "app",
            "version": "1.0.0",
            "license": "ISC",
            "dependencies": {
                "@cassielrattes/date-util": "^1.0.0"
            }
        },
        "node_modules/@cassielrattes/date-util": {
            "version": "1.0.0",
            "resolved": "http://localhost:4873/@cassielrattes%2fdate-util/-/date-util-1.0.0.tgz",
            "integrity": "sha512-0BU2o5JEFjSBxJQT4DP+zSpvNO/Od2Ume0w0DFzVj+lsS3LlmAZAJ3nSceDiejMfXh6PFcA1UxQEYanK5GD9Ng==",
            "dependencies": {
                "@cassielrattes/string-util": "^1.0.0"
            }
        },
        "node_modules/@cassielrattes/string-util": {
            "version": "1.0.0",
            "resolved": "http://localhost:4873/@cassielrattes%2fstring-util/-/string-util-1.0.0.tgz",
            "integrity": "sha512-sQRFF7ys0QGRfU08+uoBySg5nQRLGm1+6iXxVSD267s77e6cSuYrmMdnWSVZnayNXxhlQ/uQlWL+sg/i9CJaWQ=="
        }
    },
    "dependencies": {
        "@cassielrattes/date-util": {
            "version": "1.0.0",
            "resolved": "http://localhost:4873/@cassielrattes%2fdate-util/-/date-util-1.0.0.tgz",
            "integrity": "sha512-0BU2o5JEFjSBxJQT4DP+zSpvNO/Od2Ume0w0DFzVj+lsS3LlmAZAJ3nSceDiejMfXh6PFcA1UxQEYanK5GD9Ng==",
            "requires": {
                "@cassielrattes/string-util": "^1.0.0"
            }
        },
        "@cassielrattes/string-util": {
            "version": "1.0.0",
            "resolved": "http://localhost:4873/@cassielrattes%2fstring-util/-/string-util-1.0.0.tgz",
            "integrity": "sha512-sQRFF7ys0QGRfU08+uoBySg5nQRLGm1+6iXxVSD267s77e6cSuYrmMdnWSVZnayNXxhlQ/uQlWL+sg/i9CJaWQ=="
        }
    }
}
