# THIS IS AN AUTOGENERATED FILE. DO NOT EDIT THIS FILE DIRECTLY.
# yarn lockfile v1


"faker-js@^1.0.0":
  "integrity" "sha512-kaToadbN63LWhHjl69pqG+YHlxAK0aZAPhQDUpVP7v7+RG//ZpK0OzXjCwaAQq98awOii0WSHxtJmIz0X7/UqQ=="
  "resolved" "https://registry.npmjs.org/faker-js/-/faker-js-1.0.0.tgz"
  "version" "1.0.0"

"faker@^5.5.3":
  "integrity" "sha512-wLTv2a28wjUyWkbnX7u/ABZBkUkIF2fCd73V6P2oFqEGEktDfzWx4UxrSqtPRw0xPRAcjeAOIiJWqZm3pP4u3g=="
  "resolved" "https://registry.npmjs.org/faker/-/faker-5.5.3.tgz"
  "version" "5.5.3"
